{
    "version": "0.5",
    "requires": [
        "zstd/1.5.7#b68ca8e3de04ba5957761751d1d661f4%1760955092.069",
        "zlib/1.3.1#cac0f6daea041b0ccf42934163defb20%1765284699.337",
        "xz_utils/5.8.1#0c67d0683aca2f1ca69a17730a65a1e7%1764347087.521",
        "wvware/1.2.9-odr#2d8e0b63ad3ece786e8e70cb5c550f5f%1766349558.318423",
        "vincentlaucsb-csv-parser/2.3.0#ac67e368e82c9e3da4a663c35e3a1b2f%1718528275.177",
        "util-linux-libuuid/2.41.2#ee8e33ba15c17c0140643e0bd93c0b6f%1765881086.29",
        "utfcpp/4.0.4#cd6efc5d62de4e9ee0b5f3abd0df37a9%1722968964.685",
        "uchardet/0.0.8#6ab25e452021fcdb560f4e37f4a27bc1%1759735438.978",
        "pugixml/1.14#c6afdcf73d71858303d8260b0d76ff91%1696206310.014",
        "poppler-data/0.4.12-odr#06cdb12e4cab52261a5eb6c7d7dad273%1766349558.167614",
        "poppler/24.08.0-odr#5150a6889acc1c8c9176d857c12fa3c8%1766349558.019082",
        "pixman/0.46.2#88b157b4faa6474a6028c2ba2a987924%1752742515.414",
        "pdf2htmlex/0.18.8.rc1-odr-git-eb5d291#fadb1d15d841bf6c75e3bc76bde81777%1766349557.868725",
        "pcre2/10.42#9a35f5089feb875ec61a38eca364ce77%1743524593.693",
        "openjpeg/2.5.4#372fbc2b4348d45ab0c0a62a8475dc2f%1760446899.685",
        "nlohmann_json/3.11.3#45828be26eb619a2e04ca517bb7b828d%1701220705.259",
        "miniz/3.0.2#bfbce07c6654293cce27ee24129d2df7%1743673472.805",
        "lzo/2.10#f00b10acc508cea70645727d970a23e1%1759909644.842",
        "libxml2/2.12.7#1c4d20b7ab8b618ce699733723ba4df6%1721306327.767",
        "libselinux/3.6#5a78ff6ae5034eeaac8da723361a8ce4%1717655459.344",
        "libpng/1.6.53#a55f084366cd7b81cfce80327507913e%1765191393.267",
        "libmagic/5.45#791d5bad38d33272bb120994a198b1ac%1727273086.09",
        "libjpeg/9f#8edfe2699565c80c825d0256002504ff%1723665907.087",
        "libiconv/1.17#1e65319e945f2d31941a9d28cc13c058%1751451666.321",
        "libgsf/1.14.52#7b7b45fff714f0441d8837e7b14b8b9a%1766349557.4201689",
        "libgettext/0.22#b09eea019e19b9b9c46d8f1da7d75444%1765809130.834",
        "libffi/3.4.8#a045c00fb26779635e3bed40e80c5254%1753360042.396",
        "libelf/0.8.13#ba59bbc89757ed62cfd7690a73bf81be%1741781951.327",
        "lcms/2.17#3feb06eea368c52c82f50107cd7694cd%1753693316.094",
        "gtest/1.14.0#f8f0757a574a8dd747d16af62d6eb1b7%1743410807.169",
        "glib/2.81.0-odr#0436d4fbe7682722ede5964a63953c1d%1766349557.268547",
        "giflib/5.2.2#3923fc0f7ffec2f0bdbdee9b548f9248%1731663927.701",
        "freetype/2.14.1#40f1e4af5db7d8155f9ecabd09973280%1762374429.281",
        "fontforge/20240423-git#af7f643fc24bfd3661e97e8adf7c5a72%1766349557.1175628",
        "fontconfig/2.15.0-odr#5681bcb942193569ee95215b93ed9fb0%1766349556.9683158",
        "expat/2.7.3#f529802a90f0758a01f498a18f8c657b%1759399780.465",
        "cryptopp/8.9.0#7a51e0038756b21bc3a6b82d681d5906%1758206597.119",
        "cpp-httplib/0.16.3#7aa89fbb81ffd19539a49fc132502966%1748426320.106",
        "cairo/1.18.0-odr#e2979af10b4da6ece999e32d272ffabc%1766349556.814425",
        "bzip2/1.0.8#c470882369c2d95c5c77e970c0c7e321%1762886692.465",
        "brotli/1.1.0#3f631ef77008f7b5eb388780116371a3%1764862343.045",
        "boost/1.90.0#d5e8defe7355494953be18524a7f135b%1765955095.179",
        "argon2/20190702-odr#965901884bc82ec8a7c0a1305d42c127%1766349556.660966"
    ],
    "build_requires": [
        "zstd/1.5.7#b68ca8e3de04ba5957761751d1d661f4%1760955092.069",
        "zlib/1.3.1#cac0f6daea041b0ccf42934163defb20%1765284699.337",
        "xz_utils/5.8.1#0c67d0683aca2f1ca69a17730a65a1e7%1764347087.521",
        "pkgconf/2.5.1#93c2051284cba1279494a43a4fcfeae2%1757684701.089",
        "pkgconf/2.2.0#4ac315b50ef734072b00ff3aacbf52bf%1755505628.021",
        "pkgconf/2.1.0#21f96520faf7660b99f872e956d2ac13%1755505630.82",
        "pcre2/10.42#9a35f5089feb875ec61a38eca364ce77%1743524593.693",
        "ninja/1.13.2#c8c5dc2a52ed6e4e42a66d75b4717ceb%1764096931.974",
        "meson/1.9.1#abbc783cd297bedce14581b4aec060b8%1758626166.349",
        "m4/1.4.19#b38ced39a01e31fef5435bc634461fd2%1700758725.451",
        "libtool/2.4.7#14e7739cc128bc1623d2ed318008e47e%1755679003.847",
        "libselinux/3.6#5a78ff6ae5034eeaac8da723361a8ce4%1717655459.344",
        "libmagic/5.45#791d5bad38d33272bb120994a198b1ac%1727273086.09",
        "libiconv/1.17#1e65319e945f2d31941a9d28cc13c058%1751451666.321",
        "libgettext/0.22#b09eea019e19b9b9c46d8f1da7d75444%1765809130.834",
        "libffi/3.4.8#a045c00fb26779635e3bed40e80c5254%1753360042.396",
        "libelf/0.8.13#ba59bbc89757ed62cfd7690a73bf81be%1741781951.327",
        "gtk-doc-stub/cci.20181216#09072d684ce1458596b44a30a747494c%1687277608.37",
        "gperf/3.1#a7afdf8f7cccdc2dcd4d962370c33d4f%1755780571.156",
        "gnu-config/cci.20210814#466e9d4d7779e1c142443f7ea44b4284%1762363589.329",
        "glib/2.81.0-odr#0436d4fbe7682722ede5964a63953c1d%1766349557.268547",
        "gettext/0.26#28c867efd4914f03c6c05da08a23c35b%1765299118.633",
        "flex/2.6.4#efa781fc5088b47c895bd4eef6911f2e%1761560242.855",
        "cmake/3.31.10#313d16a1aa16bbdb2ca0792467214b76%1763665505.054",
        "bzip2/1.0.8#c470882369c2d95c5c77e970c0c7e321%1762886692.465",
        "automake/1.16.5#b91b7c384c3deaa9d535be02da14d04f%1755524470.56",
        "autoconf/2.71#51077f068e61700d65bb05541ea1e4b0%1731054366.86"
    ],
    "python_requires": [],
    "config_requires": []
}
