{
    "version": "0.5",
    "requires": [
        "zlib/1.3.1#b8bc2603263cf7eccbd6e17e66b0ed76%1754336059.551",
        "wvware/1.2.9-odr#feeef48fa83e803330bbd3c706718618%1754336807.909065",
        "vincentlaucsb-csv-parser/2.3.0#ac67e368e82c9e3da4a663c35e3a1b2f%1754336215.262",
        "utfcpp/4.0.4#cd6efc5d62de4e9ee0b5f3abd0df37a9%1754336214.459",
        "uchardet/0.0.8#a9026ce72d955751db2dbda62c83c430%1754336213.652",
        "pugixml/1.14#c6afdcf73d71858303d8260b0d76ff91%1754336212.85",
        "poppler-data/0.4.12-odr#06cdb12e4cab52261a5eb6c7d7dad273%1754336809.76163",
        "poppler/24.08.0-odr#2929132c6c3c67155c6c8f050c923916%1754336812.2904499",
        "pixman/0.43.4#0dcdf859941e32fcc7bfb73ea1946a7f%1718828937.421",
        "pdf2htmlex/0.18.8.rc1-odr-git-eb5d291#01227c46d8bced149c1e2dd031406e57%1754336808.992566",
        "pcre2/10.42#9a35f5089feb875ec61a38eca364ce77%1754336050.663",
        "openlibm/0.8.3#61d8454cf655e95e0d3d3359bde58ac7%1754336809.6098838",
        "openjpeg/2.5.2#6f7b733e151d1bbf5ed05cbabb846828%1709653017.024",
        "nlohmann_json/3.11.3#45828be26eb619a2e04ca517bb7b828d%1754336206.708",
        "miniz/3.0.2#bfbce07c6654293cce27ee24129d2df7%1754336205.867",
        "lzo/2.10#5725914235423c771cb1c6b607109b45%1685099992.798",
        "libxml2/2.12.7#1c4d20b7ab8b618ce699733723ba4df6%1754336034.974",
        "libpng/1.6.48#dd0fc04a42b9a23bce065545a81d4847%1754336033.871",
        "libjpeg/9f#8edfe2699565c80c825d0256002504ff%1754336032.766",
        "libiconv/1.17#1e65319e945f2d31941a9d28cc13c058%1754336113.172",
        "libgsf/1.14.52#9b22c41267004c80ba5cde5d01e23a24%1754336809.306329",
        "libgettext/0.22#35d2811b2dd27a98f69e4daa86ca2000%1754336030.102",
        "libffi/3.4.8#06926dca35bcf8e321fcc24def952cde%1754336028.993",
        "libelf/0.8.13#ba59bbc89757ed62cfd7690a73bf81be%1754336027.877",
        "lcms/2.16#fb083506ff40fd950c9e5c39df8bed54%1703969656.459",
        "gtest/1.14.0#f8f0757a574a8dd747d16af62d6eb1b7%1754336203.113",
        "glib/2.81.0-odr#ddf445d5af468f972978af93c44d26e1%1754336808.36759",
        "giflib/5.2.2#3923fc0f7ffec2f0bdbdee9b548f9248%1754336019.711",
        "freetype/2.13.2#5d2563803c8558d4ef47271a82c73d20%1754336015.019",
        "fontforge/20240423-git#525c82a5e57385c14b647b966e86ea58%1754336812.442157",
        "fontconfig/2.15.0-odr#2febbef44ca469204c8ff38cfd21db59%1754336809.4582632",
        "expat/2.6.3#39b80d3109fbe578fddfe4951f0b1d57%1725469045.298",
        "cryptopp/8.9.0#fe3de584c28c0ecc938a1671e3f1bd72%1754336202.171",
        "cpp-httplib/0.16.3#7aa89fbb81ffd19539a49fc132502966%1754336201.354",
        "cairo/1.18.0-odr#c1d0ad14a91ad6d161e756d54277ac13%1754336809.152579",
        "bzip2/1.0.8#00b4a4658791c1f06914e087f0e792f5%1754336009.237",
        "brotli/1.1.0#406ce8f1c997f4ef7852fa01ff85ef9f%1754336007.831",
        "boost/1.86.0#cd839a2082585255010f9e82eea94c7f%1728027203.247",
        "argon2/20190702-odr#965901884bc82ec8a7c0a1305d42c127%1754336808.209259"
    ],
    "build_requires": [
        "zlib/1.3.1#b8bc2603263cf7eccbd6e17e66b0ed76%1754336059.551",
        "pkgconf/2.2.0#6462942a22803086372db44689ba825f%1754336122.883",
        "pkgconf/2.1.0#27f44583701117b571307cf5b5fe5605%1754336055.341",
        "pkgconf/2.0.3#f996677e96e61e6552d85e83756c328b%1754336054.459",
        "pcre2/10.42#9a35f5089feb875ec61a38eca364ce77%1754336050.663",
        "ninja/1.13.0#53ff096207a5599ced46a633271b3cef%1754336120.489",
        "meson/1.4.0#2262941cc8fbb0099dd0c196ca2a6c01%1754336038.389",
        "meson/1.3.2#26ce8a76a36cc275cdfee1d757bc6561%1754336037.623",
        "meson/1.2.2#21b73818ba96d9eea465b310b5bbc993%1754336037.251",
        "meson/1.2.1#f2b0c7763308df8e33172744dace8845%1726730117.905",
        "m4/1.4.19#b38ced39a01e31fef5435bc634461fd2%1754336036.417",
        "libtool/2.4.7#a182d7ce8d4c346a19dbd4a5d532ef68%1754336116.018",
        "libiconv/1.17#1e65319e945f2d31941a9d28cc13c058%1754336113.172",
        "libgettext/0.22#35d2811b2dd27a98f69e4daa86ca2000%1754336030.102",
        "libffi/3.4.8#06926dca35bcf8e321fcc24def952cde%1754336028.993",
        "libelf/0.8.13#ba59bbc89757ed62cfd7690a73bf81be%1754336027.877",
        "gtk-doc-stub/cci.20181216#09072d684ce1458596b44a30a747494c%1754336106.527",
        "gperf/3.1#1d622ad9717e9348ed3685c9994ad0b9%1709324989.76",
        "gnu-config/cci.20210814#dc430d754f465e8c74463019672fb97b%1754336027.04",
        "glib/2.81.0-odr#ddf445d5af468f972978af93c44d26e1%1754336808.36759",
        "gettext/0.22.5#a1f31cc77dee0345699745ef39686dd0%1754336091.687",
        "cmake/3.31.8#dd6e07c418afc4b30cb1c21584dccc49%1754336200.956",
        "bzip2/1.0.8#00b4a4658791c1f06914e087f0e792f5%1754336009.237",
        "automake/1.16.5#058bda3e21c36c9aa8425daf3c1faf50%1754336006.921",
        "autoconf/2.71#f9307992909d7fb3df459340f1932809%1754336006.057"
    ],
    "python_requires": [],
    "config_requires": []
}